// !$*UTF8*$!
{
	archiveVersion = 1;
	classes = {
	};
	objectVersion = 50;
	objects = {

/* Begin PBXBuildFile section */
		3F1437AE23293EE400A043C4 /* KadenMealViewController.swift in Sources */ = {isa = PBXBuildFile; fileRef = 3F1437AD23293EE400A043C4 /* KadenMealViewController.swift */; };
		3F8A7B692326A2B1001FA81C /* MealTableViewCell.swift in Sources */ = {isa = PBXBuildFile; fileRef = 3F8A7B682326A2B1001FA81C /* MealTableViewCell.swift */; };
		3F8A7B6D2326A70F001FA81C /* MealTableViewController.swift in Sources */ = {isa = PBXBuildFile; fileRef = 3F8A7B6C2326A70F001FA81C /* MealTableViewController.swift */; };
		3F99A0722320612200FDF102 /* Meal.swift in Sources */ = {isa = PBXBuildFile; fileRef = 3F99A0712320612200FDF102 /* Meal.swift */; };
		3FA8A44F2314335C0069EA1E /* AppDelegate.swift in Sources */ = {isa = PBXBuildFile; fileRef = 3FA8A44E2314335C0069EA1E /* AppDelegate.swift */; };
		3FA8A4512314335C0069EA1E /* MealViewController.swift in Sources */ = {isa = PBXBuildFile; fileRef = 3FA8A4502314335C0069EA1E /* MealViewController.swift */; };
		3FA8A4542314335C0069EA1E /* Main.storyboard in Resources */ = {isa = PBXBuildFile; fileRef = 3FA8A4522314335C0069EA1E /* Main.storyboard */; };
		3FA8A4562314335D0069EA1E /* Assets.xcassets in Resources */ = {isa = PBXBuildFile; fileRef = 3FA8A4552314335D0069EA1E /* Assets.xcassets */; };
		3FA8A4592314335D0069EA1E /* LaunchScreen.storyboard in Resources */ = {isa = PBXBuildFile; fileRef = 3FA8A4572314335D0069EA1E /* LaunchScreen.storyboard */; };
		3FA8A4642314335D0069EA1E /* FoodTrackerTests.swift in Sources */ = {isa = PBXBuildFile; fileRef = 3FA8A4632314335D0069EA1E /* FoodTrackerTests.swift */; };
		3FA8A472231EA3A50069EA1E /* RatingControl.swift in Sources */ = {isa = PBXBuildFile; fileRef = 3FA8A471231EA3A50069EA1E /* RatingControl.swift */; };
/* End PBXBuildFile section */

/* Begin PBXContainerItemProxy section */
		3FA8A4602314335D0069EA1E /* PBXContainerItemProxy */ = {
			isa = PBXContainerItemProxy;
			containerPortal = 3FA8A4432314335C0069EA1E /* Project object */;
			proxyType = 1;
			remoteGlobalIDString = 3FA8A44A2314335C0069EA1E;
			remoteInfo = FoodTracker;
		};
/* End PBXContainerItemProxy section */

/* Begin PBXFileReference section */
		3F1437AD23293EE400A043C4 /* KadenMealViewController.swift */ = {isa = PBXFileReference; lastKnownFileType = sourcecode.swift; path = KadenMealViewController.swift; sourceTree = "<group>"; };
		3F8A7B682326A2B1001FA81C /* MealTableViewCell.swift */ = {isa = PBXFileReference; lastKnownFileType = sourcecode.swift; path = MealTableViewCell.swift; sourceTree = "<group>"; };
		3F8A7B6C2326A70F001FA81C /* MealTableViewController.swift */ = {isa = PBXFileReference; lastKnownFileType = sourcecode.swift; path = MealTableViewController.swift; sourceTree = "<group>"; };
		3F99A0712320612200FDF102 /* Meal.swift */ = {isa = PBXFileReference; lastKnownFileType = sourcecode.swift; path = Meal.swift; sourceTree = "<group>"; };
		3FA8A44B2314335C0069EA1E /* FoodTracker.app */ = {isa = PBXFileReference; explicitFileType = wrapper.application; includeInIndex = 0; path = FoodTracker.app; sourceTree = BUILT_PRODUCTS_DIR; };
		3FA8A44E2314335C0069EA1E /* AppDelegate.swift */ = {isa = PBXFileReference; lastKnownFileType = sourcecode.swift; path = AppDelegate.swift; sourceTree = "<group>"; };
		3FA8A4502314335C0069EA1E /* MealViewController.swift */ = {isa = PBXFileReference; lastKnownFileType = sourcecode.swift; path = MealViewController.swift; sourceTree = "<group>"; };
		3FA8A4532314335C0069EA1E /* Base */ = {isa = PBXFileReference; lastKnownFileType = file.storyboard; name = Base; path = Base.lproj/Main.storyboard; sourceTree = "<group>"; };
		3FA8A4552314335D0069EA1E /* Assets.xcassets */ = {isa = PBXFileReference; lastKnownFileType = folder.assetcatalog; path = Assets.xcassets; sourceTree = "<group>"; };
		3FA8A4582314335D0069EA1E /* Base */ = {isa = PBXFileReference; lastKnownFileType = file.storyboard; name = Base; path = Base.lproj/LaunchScreen.storyboard; sourceTree = "<group>"; };
		3FA8A45A2314335D0069EA1E /* Info.plist */ = {isa = PBXFileReference; lastKnownFileType = text.plist.xml; path = Info.plist; sourceTree = "<group>"; };
		3FA8A45F2314335D0069EA1E /* FoodTrackerTests.xctest */ = {isa = PBXFileReference; explicitFileType = wrapper.cfbundle; includeInIndex = 0; path = FoodTrackerTests.xctest; sourceTree = BUILT_PRODUCTS_DIR; };
		3FA8A4632314335D0069EA1E /* FoodTrackerTests.swift */ = {isa = PBXFileReference; lastKnownFileType = sourcecode.swift; path = FoodTrackerTests.swift; sourceTree = "<group>"; };
		3FA8A4652314335D0069EA1E /* Info.plist */ = {isa = PBXFileReference; lastKnownFileType = text.plist.xml; path = Info.plist; sourceTree = "<group>"; };
		3FA8A471231EA3A50069EA1E /* RatingControl.swift */ = {isa = PBXFileReference; lastKnownFileType = sourcecode.swift; path = RatingControl.swift; sourceTree = "<group>"; };
/* End PBXFileReference section */

/* Begin PBXFrameworksBuildPhase section */
		3FA8A4482314335C0069EA1E /* Frameworks */ = {
			isa = PBXFrameworksBuildPhase;
			buildActionMask = 2147483647;
			files = (
			);
			runOnlyForDeploymentPostprocessing = 0;
		};
		3FA8A45C2314335D0069EA1E /* Frameworks */ = {
			isa = PBXFrameworksBuildPhase;
			buildActionMask = 2147483647;
			files = (
			);
			runOnlyForDeploymentPostprocessing = 0;
		};
/* End PBXFrameworksBuildPhase section */

/* Begin PBXGroup section */
		3FA8A4422314335C0069EA1E = {
			isa = PBXGroup;
			children = (
				3FA8A44D2314335C0069EA1E /* FoodTracker */,
				3FA8A4622314335D0069EA1E /* FoodTrackerTests */,
				3FA8A44C2314335C0069EA1E /* Products */,
			);
			sourceTree = "<group>";
		};
		3FA8A44C2314335C0069EA1E /* Products */ = {
			isa = PBXGroup;
			children = (
				3FA8A44B2314335C0069EA1E /* FoodTracker.app */,
				3FA8A45F2314335D0069EA1E /* FoodTrackerTests.xctest */,
			);
			name = Products;
			sourceTree = "<group>";
		};
		3FA8A44D2314335C0069EA1E /* FoodTracker */ = {
			isa = PBXGroup;
			children = (
				3FA8A44E2314335C0069EA1E /* AppDelegate.swift */,
				3FA8A4502314335C0069EA1E /* MealViewController.swift */,
				3F1437AD23293EE400A043C4 /* KadenMealViewController.swift */,
				3F99A0712320612200FDF102 /* Meal.swift */,
				3F8A7B6C2326A70F001FA81C /* MealTableViewController.swift */,
				3F8A7B682326A2B1001FA81C /* MealTableViewCell.swift */,
				3FA8A4522314335C0069EA1E /* Main.storyboard */,
				3FA8A471231EA3A50069EA1E /* RatingControl.swift */,
				3FA8A4552314335D0069EA1E /* Assets.xcassets */,
				3FA8A4572314335D0069EA1E /* LaunchScreen.storyboard */,
				3FA8A45A2314335D0069EA1E /* Info.plist */,
			);
			path = FoodTracker;
			sourceTree = "<group>";
		};
		3FA8A4622314335D0069EA1E /* FoodTrackerTests */ = {
			isa = PBXGroup;
			children = (
				3FA8A4632314335D0069EA1E /* FoodTrackerTests.swift */,
				3FA8A4652314335D0069EA1E /* Info.plist */,
			);
			path = FoodTrackerTests;
			sourceTree = "<group>";
		};
/* End PBXGroup section */

/* Begin PBXNativeTarget section */
		3FA8A44A2314335C0069EA1E /* FoodTracker */ = {
			isa = PBXNativeTarget;
			buildConfigurationList = 3FA8A4682314335D0069EA1E /* Build configuration list for PBXNativeTarget "FoodTracker" */;
			buildPhases = (
				3FA8A4472314335C0069EA1E /* Sources */,
				3FA8A4482314335C0069EA1E /* Frameworks */,
				3FA8A4492314335C0069EA1E /* Resources */,
			);
			buildRules = (
			);
			dependencies = (
			);
			name = FoodTracker;
			productName = FoodTracker;
			productReference = 3FA8A44B2314335C0069EA1E /* FoodTracker.app */;
			productType = "com.apple.product-type.application";
		};
		3FA8A45E2314335D0069EA1E /* FoodTrackerTests */ = {
			isa = PBXNativeTarget;
			buildConfigurationList = 3FA8A46B2314335D0069EA1E /* Build configuration list for PBXNativeTarget "FoodTrackerTests" */;
			buildPhases = (
				3FA8A45B2314335D0069EA1E /* Sources */,
				3FA8A45C2314335D0069EA1E /* Frameworks */,
				3FA8A45D2314335D0069EA1E /* Resources */,
			);
			buildRules = (
			);
			dependencies = (
				3FA8A4612314335D0069EA1E /* PBXTargetDependency */,
			);
			name = FoodTrackerTests;
			productName = FoodTrackerTests;
			productReference = 3FA8A45F2314335D0069EA1E /* FoodTrackerTests.xctest */;
			productType = "com.apple.product-type.bundle.unit-test";
		};
/* End PBXNativeTarget section */

/* Begin PBXProject section */
		3FA8A4432314335C0069EA1E /* Project object */ = {
			isa = PBXProject;
			attributes = {
				LastSwiftUpdateCheck = 1030;
				LastUpgradeCheck = 1030;
				ORGANIZATIONNAME = "Kaden Storrs";
				TargetAttributes = {
					3FA8A44A2314335C0069EA1E = {
						CreatedOnToolsVersion = 10.3;
					};
					3FA8A45E2314335D0069EA1E = {
						CreatedOnToolsVersion = 10.3;
						TestTargetID = 3FA8A44A2314335C0069EA1E;
					};
				};
			};
			buildConfigurationList = 3FA8A4462314335C0069EA1E /* Build configuration list for PBXProject "FoodTracker" */;
			compatibilityVersion = "Xcode 9.3";
			developmentRegion = en;
			hasScannedForEncodings = 0;
			knownRegions = (
				en,
				Base,
			);
			mainGroup = 3FA8A4422314335C0069EA1E;
			productRefGroup = 3FA8A44C2314335C0069EA1E /* Products */;
			projectDirPath = "";
			projectRoot = "";
			targets = (
				3FA8A44A2314335C0069EA1E /* FoodTracker */,
				3FA8A45E2314335D0069EA1E /* FoodTrackerTests */,
			);
		};
/* End PBXProject section */

/* Begin PBXResourcesBuildPhase section */
		3FA8A4492314335C0069EA1E /* Resources */ = {
			isa = PBXResourcesBuildPhase;
			buildActionMask = 2147483647;
			files = (
				3FA8A4592314335D0069EA1E /* LaunchScreen.storyboard in Resources */,
				3FA8A4562314335D0069EA1E /* Assets.xcassets in Resources */,
				3FA8A4542314335C0069EA1E /* Main.storyboard in Resources */,
			);
			runOnlyForDeploymentPostprocessing = 0;
		};
		3FA8A45D2314335D0069EA1E /* Resources */ = {
			isa = PBXResourcesBuildPhase;
			buildActionMask = 2147483647;
			files = (
			);
			runOnlyForDeploymentPostprocessing = 0;
		};
/* End PBXResourcesBuildPhase section */

/* Begin PBXSourcesBuildPhase section */
		3FA8A4472314335C0069EA1E /* Sources */ = {
			isa = PBXSourcesBuildPhase;
			buildActionMask = 2147483647;
			files = (
				3F99A0722320612200FDF102 /* Meal.swift in Sources */,
				3FA8A4512314335C0069EA1E /* MealViewController.swift in Sources */,
				3FA8A472231EA3A50069EA1E /* RatingControl.swift in Sources */,
				3FA8A44F2314335C0069EA1E /* AppDelegate.swift in Sources */,
				3F8A7B6D2326A70F001FA81C /* MealTableViewController.swift in Sources */,
				3F8A7B692326A2B1001FA81C /* MealTableViewCell.swift in Sources */,
				3F1437AE23293EE400A043C4 /* KadenMealViewController.swift in Sources */,
			);
			runOnlyForDeploymentPostprocessing = 0;
		};
		3FA8A45B2314335D0069EA1E /* Sources */ = {
			isa = PBXSourcesBuildPhase;
			buildActionMask = 2147483647;
			files = (
				3FA8A4642314335D0069EA1E /* FoodTrackerTests.swift in Sources */,
			);
			runOnlyForDeploymentPostprocessing = 0;
		};
/* End PBXSourcesBuildPhase section */

/* Begin PBXTargetDependency section */
		3FA8A4612314335D0069EA1E /* PBXTargetDependency */ = {
			isa = PBXTargetDependency;
			target = 3FA8A44A2314335C0069EA1E /* FoodTracker */;
			targetProxy = 3FA8A4602314335D0069EA1E /* PBXContainerItemProxy */;
		};
/* End PBXTargetDependency section */

/* Begin PBXVariantGroup section */
		3FA8A4522314335C0069EA1E /* Main.storyboard */ = {
			isa = PBXVariantGroup;
			children = (
				3FA8A4532314335C0069EA1E /* Base */,
			);
			name = Main.storyboard;
			sourceTree = "<group>";
		};
		3FA8A4572314335D0069EA1E /* LaunchScreen.storyboard */ = {
			isa = PBXVariantGroup;
			children = (
				3FA8A4582314335D0069EA1E /* Base */,
			);
			name = LaunchScreen.storyboard;
			sourceTree = "<group>";
		};
/* End PBXVariantGroup section */

/* Begin XCBuildConfiguration section */
		3FA8A4662314335D0069EA1E /* Debug */ = {
			isa = XCBuildConfiguration;
			buildSettings = {
				ALWAYS_SEARCH_USER_PATHS = NO;
				CLANG_ANALYZER_NONNULL = YES;
				CLANG_ANALYZER_NUMBER_OBJECT_CONVERSION = YES_AGGRESSIVE;
				CLANG_CXX_LANGUAGE_STANDARD = "gnu++14";
				CLANG_CXX_LIBRARY = "libc++";
				CLANG_ENABLE_MODULES = YES;
				CLANG_ENABLE_OBJC_ARC = YES;
				CLANG_ENABLE_OBJC_WEAK = YES;
				CLANG_WARN_BLOCK_CAPTURE_AUTORELEASING = YES;
				CLANG_WARN_BOOL_CONVERSION = YES;
				CLANG_WARN_COMMA = YES;
				CLANG_WARN_CONSTANT_CONVERSION = YES;
				CLANG_WARN_DEPRECATED_OBJC_IMPLEMENTATIONS = YES;
				CLANG_WARN_DIRECT_OBJC_ISA_USAGE = YES_ERROR;
				CLANG_WARN_DOCUMENTATION_COMMENTS = YES;
				CLANG_WARN_EMPTY_BODY = YES;
				CLANG_WARN_ENUM_CONVERSION = YES;
				CLANG_WARN_INFINITE_RECURSION = YES;
				CLANG_WARN_INT_CONVERSION = YES;
				CLANG_WARN_NON_LITERAL_NULL_CONVERSION = YES;
				CLANG_WARN_OBJC_IMPLICIT_RETAIN_SELF = YES;
				CLANG_WARN_OBJC_LITERAL_CONVERSION = YES;
				CLANG_WARN_OBJC_ROOT_CLASS = YES_ERROR;
				CLANG_WARN_RANGE_LOOP_ANALYSIS = YES;
				CLANG_WARN_STRICT_PROTOTYPES = YES;
				CLANG_WARN_SUSPICIOUS_MOVE = YES;
				CLANG_WARN_UNGUARDED_AVAILABILITY = YES_AGGRESSIVE;
				CLANG_WARN_UNREACHABLE_CODE = YES;
				CLANG_WARN__DUPLICATE_METHOD_MATCH = YES;
				CODE_SIGN_IDENTITY = "iPhone Developer";
				COPY_PHASE_STRIP = NO;
				DEBUG_INFORMATION_FORMAT = dwarf;
				ENABLE_STRICT_OBJC_MSGSEND = YES;
				ENABLE_TESTABILITY = YES;
				GCC_C_LANGUAGE_STANDARD = gnu11;
				GCC_DYNAMIC_NO_PIC = NO;
				GCC_NO_COMMON_BLOCKS = YES;
				GCC_OPTIMIZATION_LEVEL = 0;
				GCC_PREPROCESSOR_DEFINITIONS = (
					"DEBUG=1",
					"$(inherited)",
				);
				GCC_WARN_64_TO_32_BIT_CONVERSION = YES;
				GCC_WARN_ABOUT_RETURN_TYPE = YES_ERROR;
				GCC_WARN_UNDECLARED_SELECTOR = YES;
				GCC_WARN_UNINITIALIZED_AUTOS = YES_AGGRESSIVE;
				GCC_WARN_UNUSED_FUNCTION = YES;
				GCC_WARN_UNUSED_VARIABLE = YES;
				IPHONEOS_DEPLOYMENT_TARGET = 12.4;
				MTL_ENABLE_DEBUG_INFO = INCLUDE_SOURCE;
				MTL_FAST_MATH = YES;
				ONLY_ACTIVE_ARCH = YES;
				SDKROOT = iphoneos;
				SWIFT_ACTIVE_COMPILATION_CONDITIONS = DEBUG;
				SWIFT_OPTIMIZATION_LEVEL = "-Onone";
			};
			name = Debug;
		};
		3FA8A4672314335D0069EA1E /* Release */ = {
			isa = XCBuildConfiguration;
			buildSettings = {
				ALWAYS_SEARCH_USER_PATHS = NO;
				CLANG_ANALYZER_NONNULL = YES;
				CLANG_ANALYZER_NUMBER_OBJECT_CONVERSION = YES_AGGRESSIVE;
				CLANG_CXX_LANGUAGE_STANDARD = "gnu++14";
				CLANG_CXX_LIBRARY = "libc++";
				CLANG_ENABLE_MODULES = YES;
				CLANG_ENABLE_OBJC_ARC = YES;
				CLANG_ENABLE_OBJC_WEAK = YES;
				CLANG_WARN_BLOCK_CAPTURE_AUTORELEASING = YES;
				CLANG_WARN_BOOL_CONVERSION = YES;
				CLANG_WARN_COMMA = YES;
				CLANG_WARN_CONSTANT_CONVERSION = YES;
				CLANG_WARN_DEPRECATED_OBJC_IMPLEMENTATIONS = YES;
				CLANG_WARN_DIRECT_OBJC_ISA_USAGE = YES_ERROR;
				CLANG_WARN_DOCUMENTATION_COMMENTS = YES;
				CLANG_WARN_EMPTY_BODY = YES;
				CLANG_WARN_ENUM_CONVERSION = YES;
				CLANG_WARN_INFINITE_RECURSION = YES;
				CLANG_WARN_INT_CONVERSION = YES;
				CLANG_WARN_NON_LITERAL_NULL_CONVERSION = YES;
				CLANG_WARN_OBJC_IMPLICIT_RETAIN_SELF = YES;
				CLANG_WARN_OBJC_LITERAL_CONVERSION = YES;
				CLANG_WARN_OBJC_ROOT_CLASS = YES_ERROR;
				CLANG_WARN_RANGE_LOOP_ANALYSIS = YES;
				CLANG_WARN_STRICT_PROTOTYPES = YES;
				CLANG_WARN_SUSPICIOUS_MOVE = YES;
				CLANG_WARN_UNGUARDED_AVAILABILITY = YES_AGGRESSIVE;
				CLANG_WARN_UNREACHABLE_CODE = YES;
				CLANG_WARN__DUPLICATE_METHOD_MATCH = YES;
				CODE_SIGN_IDENTITY = "iPhone Developer";
				COPY_PHASE_STRIP = NO;
				DEBUG_INFORMATION_FORMAT = "dwarf-with-dsym";
				ENABLE_NS_ASSERTIONS = NO;
				ENABLE_STRICT_OBJC_MSGSEND = YES;
				GCC_C_LANGUAGE_STANDARD = gnu11;
				GCC_NO_COMMON_BLOCKS = YES;
				GCC_WARN_64_TO_32_BIT_CONVERSION = YES;
				GCC_WARN_ABOUT_RETURN_TYPE = YES_ERROR;
				GCC_WARN_UNDECLARED_SELECTOR = YES;
				GCC_WARN_UNINITIALIZED_AUTOS = YES_AGGRESSIVE;
				GCC_WARN_UNUSED_FUNCTION = YES;
				GCC_WARN_UNUSED_VARIABLE = YES;
				IPHONEOS_DEPLOYMENT_TARGET = 12.4;
				MTL_ENABLE_DEBUG_INFO = NO;
				MTL_FAST_MATH = YES;
				SDKROOT = iphoneos;
				SWIFT_COMPILATION_MODE = wholemodule;
				SWIFT_OPTIMIZATION_LEVEL = "-O";
				VALIDATE_PRODUCT = YES;
			};
			name = Release;
		};
		3FA8A4692314335D0069EA1E /* Debug */ = {
			isa = XCBuildConfiguration;
			buildSettings = {
				ASSETCATALOG_COMPILER_APPICON_NAME = AppIcon;
				CODE_SIGN_STYLE = Automatic;
				INFOPLIST_FILE = FoodTracker/Info.plist;
				LD_RUNPATH_SEARCH_PATHS = (
					"$(inherited)",
					"@executable_path/Frameworks",
				);
				PRODUCT_BUNDLE_IDENTIFIER = "com-foodtracker.FoodTracker";
				PRODUCT_NAME = "$(TARGET_NAME)";
				SWIFT_VERSION = 5.0;
				TARGETED_DEVICE_FAMILY = "1,2";
			};
			name = Debug;
		};
		3FA8A46A2314335D0069EA1E /* Release */ = {
			isa = XCBuildConfiguration;
			buildSettings = {
				ASSETCATALOG_COMPILER_APPICON_NAME = AppIcon;
				CODE_SIGN_STYLE = Automatic;
				INFOPLIST_FILE = FoodTracker/Info.plist;
				LD_RUNPATH_SEARCH_PATHS = (
					"$(inherited)",
					"@executable_path/Frameworks",
				);
				PRODUCT_BUNDLE_IDENTIFIER = "com-foodtracker.FoodTracker";
				PRODUCT_NAME = "$(TARGET_NAME)";
				SWIFT_VERSION = 5.0;
				TARGETED_DEVICE_FAMILY = "1,2";
			};
			name = Release;
		};
		3FA8A46C2314335D0069EA1E /* Debug */ = {
			isa = XCBuildConfiguration;
			buildSettings = {
				ALWAYS_EMBED_SWIFT_STANDARD_LIBRARIES = YES;
				BUNDLE_LOADER = "$(TEST_HOST)";
				CODE_SIGN_STYLE = Automatic;
				INFOPLIST_FILE = FoodTrackerTests/Info.plist;
				LD_RUNPATH_SEARCH_PATHS = (
					"$(inherited)",
					"@executable_path/Frameworks",
					"@loader_path/Frameworks",
				);
				PRODUCT_BUNDLE_IDENTIFIER = "com-foodtracker.FoodTrackerTests";
				PRODUCT_NAME = "$(TARGET_NAME)";
				SWIFT_VERSION = 5.0;
				TARGETED_DEVICE_FAMILY = "1,2";
				TEST_HOST = "$(BUILT_PRODUCTS_DIR)/FoodTracker.app/FoodTracker";
			};
			name = Debug;
		};
		3FA8A46D2314335D0069EA1E /* Release */ = {
			isa = XCBuildConfiguration;
			buildSettings = {
				ALWAYS_EMBED_SWIFT_STANDARD_LIBRARIES = YES;
				BUNDLE_LOADER = "$(TEST_HOST)";
				CODE_SIGN_STYLE = Automatic;
				INFOPLIST_FILE = FoodTrackerTests/Info.plist;
				LD_RUNPATH_SEARCH_PATHS = (
					"$(inherited)",
					"@executable_path/Frameworks",
					"@loader_path/Frameworks",
				);
				PRODUCT_BUNDLE_IDENTIFIER = "com-foodtracker.FoodTrackerTests";
				PRODUCT_NAME = "$(TARGET_NAME)";
				SWIFT_VERSION = 5.0;
				TARGETED_DEVICE_FAMILY = "1,2";
				TEST_HOST = "$(BUILT_PRODUCTS_DIR)/FoodTracker.app/FoodTracker";
			};
			name = Release;
		};
/* End XCBuildConfiguration section */

/* Begin XCConfigurationList section */
		3FA8A4462314335C0069EA1E /* Build configuration list for PBXProject "FoodTracker" */ = {
			isa = XCConfigurationList;
			buildConfigurations = (
				3FA8A4662314335D0069EA1E /* Debug */,
				3FA8A4672314335D0069EA1E /* Release */,
			);
			defaultConfigurationIsVisible = 0;
			defaultConfigurationName = Release;
		};
		3FA8A4682314335D0069EA1E /* Build configuration list for PBXNativeTarget "FoodTracker" */ = {
			isa = XCConfigurationList;
			buildConfigurations = (
				3FA8A4692314335D0069EA1E /* Debug */,
				3FA8A46A2314335D0069EA1E /* Release */,
			);
			defaultConfigurationIsVisible = 0;
			defaultConfigurationName = Release;
		};
		3FA8A46B2314335D0069EA1E /* Build configuration list for PBXNativeTarget "FoodTrackerTests" */ = {
			isa = XCConfigurationList;
			buildConfigurations = (
				3FA8A46C2314335D0069EA1E /* Debug */,
				3FA8A46D2314335D0069EA1E /* Release */,
			);
			defaultConfigurationIsVisible = 0;
			defaultConfigurationName = Release;
		};
/* End XCConfigurationList section */
	};
	rootObject = 3FA8A4432314335C0069EA1E /* Project object */;
}
